
Microsoft Visual Studio Solution File, Format Version 12.00
# Visual Studio 15
VisualStudioVersion = 15.0.28307.779
MinimumVisualStudioVersion = 10.0.40219.1
Project("{8BC9CEB8-8B4A-11D0-8D11-00A0C91BC942}") = "ConsoleApplication1", "ConsoleApplication1\ConsoleApplication1.vcxproj", "{6AD926A8-ACB0-4C52-9B14-B54E63D27CCA}"
EndProject
Global
	GlobalSection(SolutionConfigurationPlatforms) = preSolution
		Debug|x64 = Debug|x64
		Debug|x86 = Debug|x86
		DLL-Import Debug|x64 = DLL-Import Debug|x64
		DLL-Import Debug|x86 = DLL-Import Debug|x86
		DLL-Import Release|x64 = DLL-Import Release|x64
		DLL-Import Release|x86 = DLL-Import Release|x86
		Release|x64 = Release|x64
		Release|x86 = Release|x86
	EndGlobalSection
	GlobalSection(ProjectConfigurationPlatforms) = postSolution
		{6AD926A8-ACB0-4C52-9B14-B54E63D27CCA}.Debug|x64.ActiveCfg = Debug|x64
		{6AD926A8-ACB0-4C52-9B14-B54E63D27CCA}.Debug|x64.Build.0 = Debug|x64
		{6AD926A8-ACB0-4C52-9B14-B54E63D27CCA}.Debug|x86.ActiveCfg = Debug|Win32
		{6AD926A8-ACB0-4C52-9B14-B54E63D27CCA}.Debug|x86.Build.0 = Debug|Win32
		{6AD926A8-ACB0-4C52-9B14-B54E63D27CCA}.DLL-Import Debug|x64.ActiveCfg = Debug|x64
		{6AD926A8-ACB0-4C52-9B14-B54E63D27CCA}.DLL-Import Debug|x64.Build.0 = Debug|x64
		{6AD926A8-ACB0-4C52-9B14-B54E63D27CCA}.DLL-Import Debug|x86.ActiveCfg = Debug|Win32
		{6AD926A8-ACB0-4C52-9B14-B54E63D27CCA}.DLL-Import Debug|x86.Build.0 = Debug|Win32
		{6AD926A8-ACB0-4C52-9B14-B54E63D27CCA}.DLL-Import Release|x64.ActiveCfg = Release|x64
		{6AD926A8-ACB0-4C52-9B14-B54E63D27CCA}.DLL-Import Release|x64.Build.0 = Release|x64
		{6AD926A8-ACB0-4C52-9B14-B54E63D27CCA}.DLL-Import Release|x86.ActiveCfg = Release|Win32
		{6AD926A8-ACB0-4C52-9B14-B54E63D27CCA}.DLL-Import Release|x86.Build.0 = Release|Win32
		{6AD926A8-ACB0-4C52-9B14-B54E63D27CCA}.Release|x64.ActiveCfg = Release|x64
		{6AD926A8-ACB0-4C52-9B14-B54E63D27CCA}.Release|x64.Build.0 = Release|x64
		{6AD926A8-ACB0-4C52-9B14-B54E63D27CCA}.Release|x86.ActiveCfg = Release|Win32
		{6AD926A8-ACB0-4C52-9B14-B54E63D27CCA}.Release|x86.Build.0 = Release|Win32
	EndGlobalSection
	GlobalSection(SolutionProperties) = preSolution
		HideSolutionNode = FALSE
	EndGlobalSection
	GlobalSection(ExtensibilityGlobals) = postSolution
		SolutionGuid = {ED0F1FE8-1BBF-438A-99A6-9F03F0371B45}
	EndGlobalSection
EndGlobal
